<<<<<<< HEAD
﻿
Microsoft Visual Studio Solution File, Format Version 12.00
# Visual Studio Version 16
VisualStudioVersion = 16.0.29009.5
MinimumVisualStudioVersion = 10.0.40219.1
Project("{FAE04EC0-301F-11D3-BF4B-00C04F79EFBC}") = "Mars", "Mars.csproj", "{FB814C78-308D-41D4-B6FB-4205E603BAF2}"
EndProject
Global
	GlobalSection(SolutionConfigurationPlatforms) = preSolution
		Debug|Any CPU = Debug|Any CPU
		Release|Any CPU = Release|Any CPU
	EndGlobalSection
	GlobalSection(ProjectConfigurationPlatforms) = postSolution
		{FB814C78-308D-41D4-B6FB-4205E603BAF2}.Debug|Any CPU.ActiveCfg = Debug|Any CPU
		{FB814C78-308D-41D4-B6FB-4205E603BAF2}.Debug|Any CPU.Build.0 = Debug|Any CPU
		{FB814C78-308D-41D4-B6FB-4205E603BAF2}.Release|Any CPU.ActiveCfg = Release|Any CPU
		{FB814C78-308D-41D4-B6FB-4205E603BAF2}.Release|Any CPU.Build.0 = Release|Any CPU
	EndGlobalSection
	GlobalSection(SolutionProperties) = preSolution
		HideSolutionNode = FALSE
	EndGlobalSection
	GlobalSection(ExtensibilityGlobals) = postSolution
		SolutionGuid = {91B22414-C982-45EC-974D-39C3B2456312}
	EndGlobalSection
EndGlobal
=======
﻿
Microsoft Visual Studio Solution File, Format Version 12.00
# Visual Studio Version 16
VisualStudioVersion = 16.0.29020.237
MinimumVisualStudioVersion = 10.0.40219.1
Project("{FAE04EC0-301F-11D3-BF4B-00C04F79EFBC}") = "Mars", "Mars.csproj", "{20713B1B-9C90-4F47-84CE-3539C32E7A8C}"
EndProject
Global
	GlobalSection(SolutionConfigurationPlatforms) = preSolution
		Debug|Any CPU = Debug|Any CPU
		Release|Any CPU = Release|Any CPU
	EndGlobalSection
	GlobalSection(ProjectConfigurationPlatforms) = postSolution
		{20713B1B-9C90-4F47-84CE-3539C32E7A8C}.Debug|Any CPU.ActiveCfg = Debug|Any CPU
		{20713B1B-9C90-4F47-84CE-3539C32E7A8C}.Debug|Any CPU.Build.0 = Debug|Any CPU
		{20713B1B-9C90-4F47-84CE-3539C32E7A8C}.Release|Any CPU.ActiveCfg = Release|Any CPU
		{20713B1B-9C90-4F47-84CE-3539C32E7A8C}.Release|Any CPU.Build.0 = Release|Any CPU
	EndGlobalSection
	GlobalSection(SolutionProperties) = preSolution
		HideSolutionNode = FALSE
	EndGlobalSection
	GlobalSection(ExtensibilityGlobals) = postSolution
		SolutionGuid = {5819B353-F0FE-4908-8FF9-21EFDE1E715E}
	EndGlobalSection
EndGlobal
>>>>>>> updated
